
Microsoft Visual Studio Solution File, Format Version 12.00
# Visual Studio 14
VisualStudioVersion = 14.0.25420.1
MinimumVisualStudioVersion = 10.0.40219.1
Project("{FAE04EC0-301F-11D3-BF4B-00C04F79EFBC}") = "OrleansServer", "OrleansServer\OrleansServer.csproj", "{8BE08AA7-D894-4DE0-B572-31788F1BC14B}"
EndProject
Project("{FAE04EC0-301F-11D3-BF4B-00C04F79EFBC}") = "SiloHost1", "SiloHost1\SiloHost1.csproj", "{B148D396-4ABB-43CE-A8B4-1F713D65DDE4}"
EndProject
Global
	GlobalSection(SolutionConfigurationPlatforms) = preSolution
		Debug|Any CPU = Debug|Any CPU
		Release|Any CPU = Release|Any CPU
	EndGlobalSection
	GlobalSection(ProjectConfigurationPlatforms) = postSolution
		{8BE08AA7-D894-4DE0-B572-31788F1BC14B}.Debug|Any CPU.ActiveCfg = Debug|Any CPU
		{8BE08AA7-D894-4DE0-B572-31788F1BC14B}.Debug|Any CPU.Build.0 = Debug|Any CPU
		{8BE08AA7-D894-4DE0-B572-31788F1BC14B}.Release|Any CPU.ActiveCfg = Release|Any CPU
		{8BE08AA7-D894-4DE0-B572-31788F1BC14B}.Release|Any CPU.Build.0 = Release|Any CPU
		{B148D396-4ABB-43CE-A8B4-1F713D65DDE4}.Debug|Any CPU.ActiveCfg = Debug|Any CPU
		{B148D396-4ABB-43CE-A8B4-1F713D65DDE4}.Debug|Any CPU.Build.0 = Debug|Any CPU
		{B148D396-4ABB-43CE-A8B4-1F713D65DDE4}.Release|Any CPU.ActiveCfg = Release|Any CPU
		{B148D396-4ABB-43CE-A8B4-1F713D65DDE4}.Release|Any CPU.Build.0 = Release|Any CPU
	EndGlobalSection
	GlobalSection(SolutionProperties) = preSolution
		HideSolutionNode = FALSE
	EndGlobalSection
EndGlobal
